Microsoft Visual Studio Solution File, Format Version 12.00
# Visual Studio Version 17
VisualStudioVersion = 17.5.2.0
MinimumVisualStudioVersion = 10.0.40219.1
Project("{FAE04EC0-301F-11D3-BF4B-00C04F79EFBC}") = "ValeAtivos324123036", "ValeAtivos324123036.csproj", "{E7130D3A-1F7C-FBDD-1A9C-F47F1BF41F86}"
EndProject
Global
	GlobalSection(SolutionConfigurationPlatforms) = preSolution
		Debug|Any CPU = Debug|Any CPU
		Release|Any CPU = Release|Any CPU
	EndGlobalSection
	GlobalSection(ProjectConfigurationPlatforms) = postSolution
		{E7130D3A-1F7C-FBDD-1A9C-F47F1BF41F86}.Debug|Any CPU.ActiveCfg = Debug|Any CPU
		{E7130D3A-1F7C-FBDD-1A9C-F47F1BF41F86}.Debug|Any CPU.Build.0 = Debug|Any CPU
		{E7130D3A-1F7C-FBDD-1A9C-F47F1BF41F86}.Release|Any CPU.ActiveCfg = Release|Any CPU
		{E7130D3A-1F7C-FBDD-1A9C-F47F1BF41F86}.Release|Any CPU.Build.0 = Release|Any CPU
	EndGlobalSection
	GlobalSection(SolutionProperties) = preSolution
		HideSolutionNode = FALSE
	EndGlobalSection
	GlobalSection(ExtensibilityGlobals) = postSolution
		SolutionGuid = {C0CEFCD4-C1EC-4D32-97EB-0CB6233BB719}
	EndGlobalSection
EndGlobal
